
Microsoft Visual Studio Solution File, Format Version 12.00
Project("{FAE04EC0-301F-11D3-BF4B-00C04F79EFBC}") = "GamesFinder.API", "GamesFinder.API\GamesFinder.API.csproj", "{6906BD8C-7310-4641-853A-9AF3A97D130E}"
EndProject
Project("{2150E333-8FDC-42A3-9474-1A3956D46DE8}") = "!SolutionItems", "!SolutionItems", "{D6F9962A-F6DD-4A4E-8B09-59B47D940723}"
	ProjectSection(SolutionItems) = preProject
		.gitignore = .gitignore
		Dockerfile = Dockerfile
		docker-compose.yaml = docker-compose.yaml
		.dockerignore = .dockerignore
		applist.json = applist.json
	EndProjectSection
EndProject
Project("{FAE04EC0-301F-11D3-BF4B-00C04F79EFBC}") = "GamesFinder.DAL", "GamesFinder.DAL\GamesFinder.DAL.csproj", "{A4D2A49B-C6AC-4F9E-87DE-E5113F851F82}"
EndProject
Project("{FAE04EC0-301F-11D3-BF4B-00C04F79EFBC}") = "GamesFinder.Domain", "GamesFinder.Domain\GamesFinder.Domain.csproj", "{E4AF4AC8-6801-41F2-A62F-758753CE2884}"
EndProject
Project("{FAE04EC0-301F-11D3-BF4B-00C04F79EFBC}") = "GamesFinder.Application", "GamesFinder.Application\GamesFinder.Application.csproj", "{A920E5E8-005E-47C3-B35E-BFD68A8F1A51}"
EndProject
Project("{FAE04EC0-301F-11D3-BF4B-00C04F79EFBC}") = "GamesFinder.Tests", "GamesFinder.Tests\GamesFinder.Tests.csproj", "{D0210F07-F6DE-457B-959D-85B01EE478B7}"
EndProject
Global
	GlobalSection(SolutionConfigurationPlatforms) = preSolution
		Debug|Any CPU = Debug|Any CPU
		Release|Any CPU = Release|Any CPU
	EndGlobalSection
	GlobalSection(ProjectConfigurationPlatforms) = postSolution
		{6906BD8C-7310-4641-853A-9AF3A97D130E}.Debug|Any CPU.ActiveCfg = Debug|Any CPU
		{6906BD8C-7310-4641-853A-9AF3A97D130E}.Debug|Any CPU.Build.0 = Debug|Any CPU
		{6906BD8C-7310-4641-853A-9AF3A97D130E}.Release|Any CPU.ActiveCfg = Release|Any CPU
		{6906BD8C-7310-4641-853A-9AF3A97D130E}.Release|Any CPU.Build.0 = Release|Any CPU
		{A4D2A49B-C6AC-4F9E-87DE-E5113F851F82}.Debug|Any CPU.ActiveCfg = Debug|Any CPU
		{A4D2A49B-C6AC-4F9E-87DE-E5113F851F82}.Debug|Any CPU.Build.0 = Debug|Any CPU
		{A4D2A49B-C6AC-4F9E-87DE-E5113F851F82}.Release|Any CPU.ActiveCfg = Release|Any CPU
		{A4D2A49B-C6AC-4F9E-87DE-E5113F851F82}.Release|Any CPU.Build.0 = Release|Any CPU
		{E4AF4AC8-6801-41F2-A62F-758753CE2884}.Debug|Any CPU.ActiveCfg = Debug|Any CPU
		{E4AF4AC8-6801-41F2-A62F-758753CE2884}.Debug|Any CPU.Build.0 = Debug|Any CPU
		{E4AF4AC8-6801-41F2-A62F-758753CE2884}.Release|Any CPU.ActiveCfg = Release|Any CPU
		{E4AF4AC8-6801-41F2-A62F-758753CE2884}.Release|Any CPU.Build.0 = Release|Any CPU
		{A920E5E8-005E-47C3-B35E-BFD68A8F1A51}.Debug|Any CPU.ActiveCfg = Debug|Any CPU
		{A920E5E8-005E-47C3-B35E-BFD68A8F1A51}.Debug|Any CPU.Build.0 = Debug|Any CPU
		{A920E5E8-005E-47C3-B35E-BFD68A8F1A51}.Release|Any CPU.ActiveCfg = Release|Any CPU
		{A920E5E8-005E-47C3-B35E-BFD68A8F1A51}.Release|Any CPU.Build.0 = Release|Any CPU
		{D0210F07-F6DE-457B-959D-85B01EE478B7}.Debug|Any CPU.ActiveCfg = Debug|Any CPU
		{D0210F07-F6DE-457B-959D-85B01EE478B7}.Debug|Any CPU.Build.0 = Debug|Any CPU
		{D0210F07-F6DE-457B-959D-85B01EE478B7}.Release|Any CPU.ActiveCfg = Release|Any CPU
		{D0210F07-F6DE-457B-959D-85B01EE478B7}.Release|Any CPU.Build.0 = Release|Any CPU
	EndGlobalSection
EndGlobal
