
Microsoft Visual Studio Solution File, Format Version 12.00
Project("{FAE04EC0-301F-11D3-BF4B-00C04F79EFBC}") = "GamesFinder", "GamesFinder\GamesFinder.csproj", "{6906BD8C-7310-4641-853A-9AF3A97D130E}"
EndProject
Project("{2150E333-8FDC-42A3-9474-1A3956D46DE8}") = "!SolutionItems", "!SolutionItems", "{D6F9962A-F6DD-4A4E-8B09-59B47D940723}"
	ProjectSection(SolutionItems) = preProject
		.gitignore = .gitignore
	EndProjectSection
EndProject
Global
	GlobalSection(SolutionConfigurationPlatforms) = preSolution
		Debug|Any CPU = Debug|Any CPU
		Release|Any CPU = Release|Any CPU
	EndGlobalSection
	GlobalSection(ProjectConfigurationPlatforms) = postSolution
		{6906BD8C-7310-4641-853A-9AF3A97D130E}.Debug|Any CPU.ActiveCfg = Debug|Any CPU
		{6906BD8C-7310-4641-853A-9AF3A97D130E}.Debug|Any CPU.Build.0 = Debug|Any CPU
		{6906BD8C-7310-4641-853A-9AF3A97D130E}.Release|Any CPU.ActiveCfg = Release|Any CPU
		{6906BD8C-7310-4641-853A-9AF3A97D130E}.Release|Any CPU.Build.0 = Release|Any CPU
	EndGlobalSection
EndGlobal
